// !$*UTF8*$!
{
	archiveVersion = 1;
	classes = {
	};
	objectVersion = 46;
	objects = {

/* Begin PBXBuildFile section */
		99CFC8771E3C9C3600CE4063 /* AppDelegate.swift in Sources */ = {isa = PBXBuildFile; fileRef = 99CFC8761E3C9C3600CE4063 /* AppDelegate.swift */; };
		99CFC87C1E3C9C3600CE4063 /* Main.storyboard in Resources */ = {isa = PBXBuildFile; fileRef = 99CFC87A1E3C9C3600CE4063 /* Main.storyboard */; };
		99CFC87E1E3C9C3600CE4063 /* Assets.xcassets in Resources */ = {isa = PBXBuildFile; fileRef = 99CFC87D1E3C9C3600CE4063 /* Assets.xcassets */; };
		99CFC8811E3C9C3600CE4063 /* LaunchScreen.storyboard in Resources */ = {isa = PBXBuildFile; fileRef = 99CFC87F1E3C9C3600CE4063 /* LaunchScreen.storyboard */; };
		99CFC89D1E3CDF9F00CE4063 /* MainViewController.swift in Sources */ = {isa = PBXBuildFile; fileRef = 99CFC89C1E3CDF9F00CE4063 /* MainViewController.swift */; };
		99CFC8A11E3CE0CF00CE4063 /* Follow.storyboard in Resources */ = {isa = PBXBuildFile; fileRef = 99CFC8A01E3CE0CF00CE4063 /* Follow.storyboard */; };
		99CFC8A31E3CE0DD00CE4063 /* Home.storyboard in Resources */ = {isa = PBXBuildFile; fileRef = 99CFC8A21E3CE0DD00CE4063 /* Home.storyboard */; };
		99CFC8A51E3CE0E700CE4063 /* Live.storyboard in Resources */ = {isa = PBXBuildFile; fileRef = 99CFC8A41E3CE0E700CE4063 /* Live.storyboard */; };
		99CFC8A71E3CE0F400CE4063 /* Profile.storyboard in Resources */ = {isa = PBXBuildFile; fileRef = 99CFC8A61E3CE0F400CE4063 /* Profile.storyboard */; };
/* End PBXBuildFile section */

/* Begin PBXFileReference section */
		99CFC8731E3C9C3600CE4063 /* DYZB.app */ = {isa = PBXFileReference; explicitFileType = wrapper.application; includeInIndex = 0; path = DYZB.app; sourceTree = BUILT_PRODUCTS_DIR; };
		99CFC8761E3C9C3600CE4063 /* AppDelegate.swift */ = {isa = PBXFileReference; lastKnownFileType = sourcecode.swift; path = AppDelegate.swift; sourceTree = "<group>"; };
		99CFC87B1E3C9C3600CE4063 /* Base */ = {isa = PBXFileReference; lastKnownFileType = file.storyboard; name = Base; path = Base.lproj/Main.storyboard; sourceTree = "<group>"; };
		99CFC87D1E3C9C3600CE4063 /* Assets.xcassets */ = {isa = PBXFileReference; lastKnownFileType = folder.assetcatalog; path = Assets.xcassets; sourceTree = "<group>"; };
		99CFC8801E3C9C3600CE4063 /* Base */ = {isa = PBXFileReference; lastKnownFileType = file.storyboard; name = Base; path = Base.lproj/LaunchScreen.storyboard; sourceTree = "<group>"; };
		99CFC8821E3C9C3600CE4063 /* Info.plist */ = {isa = PBXFileReference; lastKnownFileType = text.plist.xml; path = Info.plist; sourceTree = "<group>"; };
		99CFC89C1E3CDF9F00CE4063 /* MainViewController.swift */ = {isa = PBXFileReference; fileEncoding = 4; lastKnownFileType = sourcecode.swift; path = MainViewController.swift; sourceTree = "<group>"; };
		99CFC8A01E3CE0CF00CE4063 /* Follow.storyboard */ = {isa = PBXFileReference; fileEncoding = 4; lastKnownFileType = file.storyboard; path = Follow.storyboard; sourceTree = "<group>"; };
		99CFC8A21E3CE0DD00CE4063 /* Home.storyboard */ = {isa = PBXFileReference; fileEncoding = 4; lastKnownFileType = file.storyboard; path = Home.storyboard; sourceTree = "<group>"; };
		99CFC8A41E3CE0E700CE4063 /* Live.storyboard */ = {isa = PBXFileReference; fileEncoding = 4; lastKnownFileType = file.storyboard; path = Live.storyboard; sourceTree = "<group>"; };
		99CFC8A61E3CE0F400CE4063 /* Profile.storyboard */ = {isa = PBXFileReference; fileEncoding = 4; lastKnownFileType = file.storyboard; path = Profile.storyboard; sourceTree = "<group>"; };
/* End PBXFileReference section */

/* Begin PBXFrameworksBuildPhase section */
		99CFC8701E3C9C3600CE4063 /* Frameworks */ = {
			isa = PBXFrameworksBuildPhase;
			buildActionMask = 2147483647;
			files = (
			);
			runOnlyForDeploymentPostprocessing = 0;
		};
/* End PBXFrameworksBuildPhase section */

/* Begin PBXGroup section */
		99CFC86A1E3C9C3600CE4063 = {
			isa = PBXGroup;
			children = (
				99CFC8751E3C9C3600CE4063 /* DYZB */,
				99CFC8741E3C9C3600CE4063 /* Products */,
			);
			sourceTree = "<group>";
		};
		99CFC8741E3C9C3600CE4063 /* Products */ = {
			isa = PBXGroup;
			children = (
				99CFC8731E3C9C3600CE4063 /* DYZB.app */,
			);
			name = Products;
			sourceTree = "<group>";
		};
		99CFC8751E3C9C3600CE4063 /* DYZB */ = {
			isa = PBXGroup;
			children = (
				99CFC8881E3CAA0E00CE4063 /* Class */,
				99CFC8761E3C9C3600CE4063 /* AppDelegate.swift */,
				99CFC87D1E3C9C3600CE4063 /* Assets.xcassets */,
				99CFC87F1E3C9C3600CE4063 /* LaunchScreen.storyboard */,
				99CFC8821E3C9C3600CE4063 /* Info.plist */,
			);
			path = DYZB;
			sourceTree = "<group>";
		};
		99CFC8881E3CAA0E00CE4063 /* Class */ = {
			isa = PBXGroup;
			children = (
				99CFC88C1E3CAA0E00CE4063 /* Main */,
				99CFC88A1E3CAA0E00CE4063 /* Home */,
				99CFC88B1E3CAA0E00CE4063 /* Live */,
				99CFC8891E3CAA0E00CE4063 /* Follow */,
				99CFC88D1E3CAA0E00CE4063 /* Profile */,
				99CFC88E1E3CAA0E00CE4063 /* Tools */,
			);
			path = Class;
			sourceTree = "<group>";
		};
		99CFC8891E3CAA0E00CE4063 /* Follow */ = {
			isa = PBXGroup;
			children = (
				99CFC8A01E3CE0CF00CE4063 /* Follow.storyboard */,
			);
			path = Follow;
			sourceTree = "<group>";
		};
		99CFC88A1E3CAA0E00CE4063 /* Home */ = {
			isa = PBXGroup;
			children = (
				99CFC8A21E3CE0DD00CE4063 /* Home.storyboard */,
			);
			path = Home;
			sourceTree = "<group>";
		};
		99CFC88B1E3CAA0E00CE4063 /* Live */ = {
			isa = PBXGroup;
			children = (
				99CFC8A41E3CE0E700CE4063 /* Live.storyboard */,
			);
			path = Live;
			sourceTree = "<group>";
		};
		99CFC88C1E3CAA0E00CE4063 /* Main */ = {
			isa = PBXGroup;
			children = (
				99CFC87A1E3C9C3600CE4063 /* Main.storyboard */,
				99CFC89C1E3CDF9F00CE4063 /* MainViewController.swift */,
			);
			path = Main;
			sourceTree = "<group>";
		};
		99CFC88D1E3CAA0E00CE4063 /* Profile */ = {
			isa = PBXGroup;
			children = (
				99CFC8A61E3CE0F400CE4063 /* Profile.storyboard */,
			);
			path = Profile;
			sourceTree = "<group>";
		};
		99CFC88E1E3CAA0E00CE4063 /* Tools */ = {
			isa = PBXGroup;
			children = (
			);
			path = Tools;
			sourceTree = "<group>";
		};
/* End PBXGroup section */

/* Begin PBXNativeTarget section */
		99CFC8721E3C9C3600CE4063 /* DYZB */ = {
			isa = PBXNativeTarget;
			buildConfigurationList = 99CFC8851E3C9C3600CE4063 /* Build configuration list for PBXNativeTarget "DYZB" */;
			buildPhases = (
				99CFC86F1E3C9C3600CE4063 /* Sources */,
				99CFC8701E3C9C3600CE4063 /* Frameworks */,
				99CFC8711E3C9C3600CE4063 /* Resources */,
			);
			buildRules = (
			);
			dependencies = (
			);
			name = DYZB;
			productName = DYZB;
			productReference = 99CFC8731E3C9C3600CE4063 /* DYZB.app */;
			productType = "com.apple.product-type.application";
		};
/* End PBXNativeTarget section */

/* Begin PBXProject section */
		99CFC86B1E3C9C3600CE4063 /* Project object */ = {
			isa = PBXProject;
			attributes = {
				LastSwiftUpdateCheck = 0720;
				LastUpgradeCheck = 0720;
				ORGANIZATIONNAME = Toshi;
				TargetAttributes = {
					99CFC8721E3C9C3600CE4063 = {
						CreatedOnToolsVersion = 7.2;
					};
				};
			};
			buildConfigurationList = 99CFC86E1E3C9C3600CE4063 /* Build configuration list for PBXProject "DYZB" */;
			compatibilityVersion = "Xcode 3.2";
			developmentRegion = English;
			hasScannedForEncodings = 0;
			knownRegions = (
				en,
				Base,
			);
			mainGroup = 99CFC86A1E3C9C3600CE4063;
			productRefGroup = 99CFC8741E3C9C3600CE4063 /* Products */;
			projectDirPath = "";
			projectRoot = "";
			targets = (
				99CFC8721E3C9C3600CE4063 /* DYZB */,
			);
		};
/* End PBXProject section */

/* Begin PBXResourcesBuildPhase section */
		99CFC8711E3C9C3600CE4063 /* Resources */ = {
			isa = PBXResourcesBuildPhase;
			buildActionMask = 2147483647;
			files = (
				99CFC8811E3C9C3600CE4063 /* LaunchScreen.storyboard in Resources */,
				99CFC8A31E3CE0DD00CE4063 /* Home.storyboard in Resources */,
				99CFC8A51E3CE0E700CE4063 /* Live.storyboard in Resources */,
				99CFC87E1E3C9C3600CE4063 /* Assets.xcassets in Resources */,
				99CFC87C1E3C9C3600CE4063 /* Main.storyboard in Resources */,
				99CFC8A71E3CE0F400CE4063 /* Profile.storyboard in Resources */,
				99CFC8A11E3CE0CF00CE4063 /* Follow.storyboard in Resources */,
			);
			runOnlyForDeploymentPostprocessing = 0;
		};
/* End PBXResourcesBuildPhase section */

/* Begin PBXSourcesBuildPhase section */
		99CFC86F1E3C9C3600CE4063 /* Sources */ = {
			isa = PBXSourcesBuildPhase;
			buildActionMask = 2147483647;
			files = (
				99CFC8771E3C9C3600CE4063 /* AppDelegate.swift in Sources */,
				99CFC89D1E3CDF9F00CE4063 /* MainViewController.swift in Sources */,
			);
			runOnlyForDeploymentPostprocessing = 0;
		};
/* End PBXSourcesBuildPhase section */

/* Begin PBXVariantGroup section */
		99CFC87A1E3C9C3600CE4063 /* Main.storyboard */ = {
			isa = PBXVariantGroup;
			children = (
				99CFC87B1E3C9C3600CE4063 /* Base */,
			);
			name = Main.storyboard;
			path = ../..;
			sourceTree = "<group>";
		};
		99CFC87F1E3C9C3600CE4063 /* LaunchScreen.storyboard */ = {
			isa = PBXVariantGroup;
			children = (
				99CFC8801E3C9C3600CE4063 /* Base */,
			);
			name = LaunchScreen.storyboard;
			sourceTree = "<group>";
		};
/* End PBXVariantGroup section */

/* Begin XCBuildConfiguration section */
		99CFC8831E3C9C3600CE4063 /* Debug */ = {
			isa = XCBuildConfiguration;
			buildSettings = {
				ALWAYS_SEARCH_USER_PATHS = NO;
				CLANG_CXX_LANGUAGE_STANDARD = "gnu++0x";
				CLANG_CXX_LIBRARY = "libc++";
				CLANG_ENABLE_MODULES = YES;
				CLANG_ENABLE_OBJC_ARC = YES;
				CLANG_WARN_BOOL_CONVERSION = YES;
				CLANG_WARN_CONSTANT_CONVERSION = YES;
				CLANG_WARN_DIRECT_OBJC_ISA_USAGE = YES_ERROR;
				CLANG_WARN_EMPTY_BODY = YES;
				CLANG_WARN_ENUM_CONVERSION = YES;
				CLANG_WARN_INT_CONVERSION = YES;
				CLANG_WARN_OBJC_ROOT_CLASS = YES_ERROR;
				CLANG_WARN_UNREACHABLE_CODE = YES;
				CLANG_WARN__DUPLICATE_METHOD_MATCH = YES;
				"CODE_SIGN_IDENTITY[sdk=iphoneos*]" = "iPhone Developer";
				COPY_PHASE_STRIP = NO;
				DEBUG_INFORMATION_FORMAT = dwarf;
				ENABLE_STRICT_OBJC_MSGSEND = YES;
				ENABLE_TESTABILITY = YES;
				GCC_C_LANGUAGE_STANDARD = gnu99;
				GCC_DYNAMIC_NO_PIC = NO;
				GCC_NO_COMMON_BLOCKS = YES;
				GCC_OPTIMIZATION_LEVEL = 0;
				GCC_PREPROCESSOR_DEFINITIONS = (
					"DEBUG=1",
					"$(inherited)",
				);
				GCC_WARN_64_TO_32_BIT_CONVERSION = YES;
				GCC_WARN_ABOUT_RETURN_TYPE = YES_ERROR;
				GCC_WARN_UNDECLARED_SELECTOR = YES;
				GCC_WARN_UNINITIALIZED_AUTOS = YES_AGGRESSIVE;
				GCC_WARN_UNUSED_FUNCTION = YES;
				GCC_WARN_UNUSED_VARIABLE = YES;
				IPHONEOS_DEPLOYMENT_TARGET = 9.2;
				MTL_ENABLE_DEBUG_INFO = YES;
				ONLY_ACTIVE_ARCH = YES;
				SDKROOT = iphoneos;
				SWIFT_OPTIMIZATION_LEVEL = "-Onone";
				TARGETED_DEVICE_FAMILY = "1,2";
			};
			name = Debug;
		};
		99CFC8841E3C9C3600CE4063 /* Release */ = {
			isa = XCBuildConfiguration;
			buildSettings = {
				ALWAYS_SEARCH_USER_PATHS = NO;
				CLANG_CXX_LANGUAGE_STANDARD = "gnu++0x";
				CLANG_CXX_LIBRARY = "libc++";
				CLANG_ENABLE_MODULES = YES;
				CLANG_ENABLE_OBJC_ARC = YES;
				CLANG_WARN_BOOL_CONVERSION = YES;
				CLANG_WARN_CONSTANT_CONVERSION = YES;
				CLANG_WARN_DIRECT_OBJC_ISA_USAGE = YES_ERROR;
				CLANG_WARN_EMPTY_BODY = YES;
				CLANG_WARN_ENUM_CONVERSION = YES;
				CLANG_WARN_INT_CONVERSION = YES;
				CLANG_WARN_OBJC_ROOT_CLASS = YES_ERROR;
				CLANG_WARN_UNREACHABLE_CODE = YES;
				CLANG_WARN__DUPLICATE_METHOD_MATCH = YES;
				"CODE_SIGN_IDENTITY[sdk=iphoneos*]" = "iPhone Developer";
				COPY_PHASE_STRIP = NO;
				DEBUG_INFORMATION_FORMAT = "dwarf-with-dsym";
				ENABLE_NS_ASSERTIONS = NO;
				ENABLE_STRICT_OBJC_MSGSEND = YES;
				GCC_C_LANGUAGE_STANDARD = gnu99;
				GCC_NO_COMMON_BLOCKS = YES;
				GCC_WARN_64_TO_32_BIT_CONVERSION = YES;
				GCC_WARN_ABOUT_RETURN_TYPE = YES_ERROR;
				GCC_WARN_UNDECLARED_SELECTOR = YES;
				GCC_WARN_UNINITIALIZED_AUTOS = YES_AGGRESSIVE;
				GCC_WARN_UNUSED_FUNCTION = YES;
				GCC_WARN_UNUSED_VARIABLE = YES;
				IPHONEOS_DEPLOYMENT_TARGET = 9.2;
				MTL_ENABLE_DEBUG_INFO = NO;
				SDKROOT = iphoneos;
				TARGETED_DEVICE_FAMILY = "1,2";
				VALIDATE_PRODUCT = YES;
			};
			name = Release;
		};
		99CFC8861E3C9C3600CE4063 /* Debug */ = {
			isa = XCBuildConfiguration;
			buildSettings = {
				ASSETCATALOG_COMPILER_APPICON_NAME = AppIcon;
				ASSETCATALOG_COMPILER_LAUNCHIMAGE_NAME = "Brand Assets";
				CODE_SIGN_IDENTITY = "iPhone Developer";
				INFOPLIST_FILE = DYZB/Info.plist;
				IPHONEOS_DEPLOYMENT_TARGET = 9.0;
				LD_RUNPATH_SEARCH_PATHS = "$(inherited) @executable_path/Frameworks";
				PRODUCT_BUNDLE_IDENTIFIER = com.nerv.zr.DYZB;
				PRODUCT_NAME = "$(TARGET_NAME)";
			};
			name = Debug;
		};
		99CFC8871E3C9C3600CE4063 /* Release */ = {
			isa = XCBuildConfiguration;
			buildSettings = {
				ASSETCATALOG_COMPILER_APPICON_NAME = AppIcon;
				ASSETCATALOG_COMPILER_LAUNCHIMAGE_NAME = "Brand Assets";
				CODE_SIGN_IDENTITY = "iPhone Developer";
				INFOPLIST_FILE = DYZB/Info.plist;
				IPHONEOS_DEPLOYMENT_TARGET = 9.0;
				LD_RUNPATH_SEARCH_PATHS = "$(inherited) @executable_path/Frameworks";
				PRODUCT_BUNDLE_IDENTIFIER = com.nerv.zr.DYZB;
				PRODUCT_NAME = "$(TARGET_NAME)";
			};
			name = Release;
		};
/* End XCBuildConfiguration section */

/* Begin XCConfigurationList section */
		99CFC86E1E3C9C3600CE4063 /* Build configuration list for PBXProject "DYZB" */ = {
			isa = XCConfigurationList;
			buildConfigurations = (
				99CFC8831E3C9C3600CE4063 /* Debug */,
				99CFC8841E3C9C3600CE4063 /* Release */,
			);
			defaultConfigurationIsVisible = 0;
			defaultConfigurationName = Release;
		};
		99CFC8851E3C9C3600CE4063 /* Build configuration list for PBXNativeTarget "DYZB" */ = {
			isa = XCConfigurationList;
			buildConfigurations = (
				99CFC8861E3C9C3600CE4063 /* Debug */,
				99CFC8871E3C9C3600CE4063 /* Release */,
			);
			defaultConfigurationIsVisible = 0;
		};
/* End XCConfigurationList section */
	};
	rootObject = 99CFC86B1E3C9C3600CE4063 /* Project object */;
}
